
Microsoft Visual Studio Solution File, Format Version 12.00
# Visual Studio Version 17
VisualStudioVersion = 17.1.32414.318
MinimumVisualStudioVersion = 10.0.40219.1
Project("{8BC9CEB8-8B4A-11D0-8D11-00A0C91BC942}") = "Sparse Matrix Final CSC212", "Sparse Matrix Final CSC212\Sparse Matrix Final CSC212.vcxproj", "{E406E52A-0ACA-4BA4-9EA9-ABCFEB443EAA}"
EndProject
Global
	GlobalSection(SolutionConfigurationPlatforms) = preSolution
		Debug|x64 = Debug|x64
		Debug|x86 = Debug|x86
		Release|x64 = Release|x64
		Release|x86 = Release|x86
	EndGlobalSection
	GlobalSection(ProjectConfigurationPlatforms) = postSolution
		{E406E52A-0ACA-4BA4-9EA9-ABCFEB443EAA}.Debug|x64.ActiveCfg = Debug|x64
		{E406E52A-0ACA-4BA4-9EA9-ABCFEB443EAA}.Debug|x64.Build.0 = Debug|x64
		{E406E52A-0ACA-4BA4-9EA9-ABCFEB443EAA}.Debug|x86.ActiveCfg = Debug|Win32
		{E406E52A-0ACA-4BA4-9EA9-ABCFEB443EAA}.Debug|x86.Build.0 = Debug|Win32
		{E406E52A-0ACA-4BA4-9EA9-ABCFEB443EAA}.Release|x64.ActiveCfg = Release|x64
		{E406E52A-0ACA-4BA4-9EA9-ABCFEB443EAA}.Release|x64.Build.0 = Release|x64
		{E406E52A-0ACA-4BA4-9EA9-ABCFEB443EAA}.Release|x86.ActiveCfg = Release|Win32
		{E406E52A-0ACA-4BA4-9EA9-ABCFEB443EAA}.Release|x86.Build.0 = Release|Win32
	EndGlobalSection
	GlobalSection(SolutionProperties) = preSolution
		HideSolutionNode = FALSE
	EndGlobalSection
	GlobalSection(ExtensibilityGlobals) = postSolution
		SolutionGuid = {4D2D34C6-658E-4650-88AE-7F2A952EC5F5}
	EndGlobalSection
EndGlobal
